
Microsoft Visual Studio Solution File, Format Version 12.00
# Visual Studio 15
VisualStudioVersion = 15.0.27130.2036
MinimumVisualStudioVersion = 10.0.40219.1
Project("{9A19103F-16F7-4668-BE54-9A1E7A4F7556}") = "DotJEM.Json.Index", "DotJEM.Json.Index\DotJEM.Json.Index.csproj", "{2987D5EB-2353-42F3-AE2E-B166B5093EEF}"
EndProject
Project("{9A19103F-16F7-4668-BE54-9A1E7A4F7556}") = "DotJEM.Json.Index.QueryParsers", "DotJEM.Json.Index.QueryParsers\DotJEM.Json.Index.QueryParsers.csproj", "{A7C92428-A327-4E1A-9CC4-341D9E3868A4}"
EndProject
Project("{2150E333-8FDC-42A3-9474-1A3956D46DE8}") = "Tests", "Tests", "{D212FCF5-0168-42AE-AA78-2CA01AB591CE}"
EndProject
Project("{9A19103F-16F7-4668-BE54-9A1E7A4F7556}") = "DotJEM.Json.Index.Contexts", "DotJEM.Json.Index.Contexts\DotJEM.Json.Index.Contexts.csproj", "{BE6F0625-B23C-4CD1-9B7F-C0B6DB06A923}"
EndProject
Project("{FAE04EC0-301F-11D3-BF4B-00C04F79EFBC}") = "DotJEM.Json.Index.Test", "Tests\DotJEM.Json.Index.Test\DotJEM.Json.Index.Test.csproj", "{80773532-B2A1-4A54-8947-1BA44F6131FB}"
EndProject
Project("{2150E333-8FDC-42A3-9474-1A3956D46DE8}") = "Integration", "Integration", "{ECDF9B33-264F-4C50-9700-9D826E48EA22}"
EndProject
Project("{FAE04EC0-301F-11D3-BF4B-00C04F79EFBC}") = "DotJEM.Json.Index.IntegrationTest", "Tests\Integration\DotJEM.Json.Index.IntegrationTest\DotJEM.Json.Index.IntegrationTest.csproj", "{D5FC65C9-71AE-4842-8F88-BFC74BA40C99}"
EndProject
Project("{FAE04EC0-301F-11D3-BF4B-00C04F79EFBC}") = "DotJEM.Json.Index.Contexts.Test", "Tests\DotJEM.Json.Index.Contexts.Test\DotJEM.Json.Index.Contexts.Test.csproj", "{7E0CA637-C065-4C10-8582-8D138E625B74}"
EndProject
Project("{FAE04EC0-301F-11D3-BF4B-00C04F79EFBC}") = "DotJEM.Json.Index.QueryParsers.Test", "Tests\DotJEM.Json.Index.QueryParsers.Test\DotJEM.Json.Index.QueryParsers.Test.csproj", "{C3B8595D-6CA9-42A1-B515-743A701FEBA0}"
EndProject
Project("{FAE04EC0-301F-11D3-BF4B-00C04F79EFBC}") = "DotJEM.Json.Index.QueryParsers.IntegrationTest", "Tests\Integration\DotJEM.Json.Index.QueryParsers.IntegrationTest\DotJEM.Json.Index.QueryParsers.IntegrationTest.csproj", "{0321F054-AE90-4F65-82AA-91FA0ECF4CE9}"
EndProject
Project("{9A19103F-16F7-4668-BE54-9A1E7A4F7556}") = "DotJEM.Json.Index.TestUtil", "Tests\DotJEM.Json.Index.TestUtil\DotJEM.Json.Index.TestUtil.csproj", "{830E00FB-4B44-4D72-BD16-89EAE9DFBC88}"
EndProject
Project("{2150E333-8FDC-42A3-9474-1A3956D46DE8}") = "Data", "Data", "{6FF309D7-88B6-4342-A36F-7026048AC458}"
EndProject
Project("{FAE04EC0-301F-11D3-BF4B-00C04F79EFBC}") = "DotJEM.Json.Index.TestData", "Tests\Data\DotJEM.Json.Index.TestData\DotJEM.Json.Index.TestData.csproj", "{F1FD3ECE-5341-450B-9EF0-A5067C387B0D}"
EndProject
Global
	GlobalSection(SolutionConfigurationPlatforms) = preSolution
		Debug|Any CPU = Debug|Any CPU
		Release|Any CPU = Release|Any CPU
	EndGlobalSection
	GlobalSection(ProjectConfigurationPlatforms) = postSolution
		{2987D5EB-2353-42F3-AE2E-B166B5093EEF}.Debug|Any CPU.ActiveCfg = Debug|Any CPU
		{2987D5EB-2353-42F3-AE2E-B166B5093EEF}.Debug|Any CPU.Build.0 = Debug|Any CPU
		{2987D5EB-2353-42F3-AE2E-B166B5093EEF}.Release|Any CPU.ActiveCfg = Release|Any CPU
		{2987D5EB-2353-42F3-AE2E-B166B5093EEF}.Release|Any CPU.Build.0 = Release|Any CPU
		{A7C92428-A327-4E1A-9CC4-341D9E3868A4}.Debug|Any CPU.ActiveCfg = Debug|Any CPU
		{A7C92428-A327-4E1A-9CC4-341D9E3868A4}.Debug|Any CPU.Build.0 = Debug|Any CPU
		{A7C92428-A327-4E1A-9CC4-341D9E3868A4}.Release|Any CPU.ActiveCfg = Release|Any CPU
		{A7C92428-A327-4E1A-9CC4-341D9E3868A4}.Release|Any CPU.Build.0 = Release|Any CPU
		{BE6F0625-B23C-4CD1-9B7F-C0B6DB06A923}.Debug|Any CPU.ActiveCfg = Debug|Any CPU
		{BE6F0625-B23C-4CD1-9B7F-C0B6DB06A923}.Debug|Any CPU.Build.0 = Debug|Any CPU
		{BE6F0625-B23C-4CD1-9B7F-C0B6DB06A923}.Release|Any CPU.ActiveCfg = Release|Any CPU
		{BE6F0625-B23C-4CD1-9B7F-C0B6DB06A923}.Release|Any CPU.Build.0 = Release|Any CPU
		{80773532-B2A1-4A54-8947-1BA44F6131FB}.Debug|Any CPU.ActiveCfg = Debug|Any CPU
		{80773532-B2A1-4A54-8947-1BA44F6131FB}.Debug|Any CPU.Build.0 = Debug|Any CPU
		{80773532-B2A1-4A54-8947-1BA44F6131FB}.Release|Any CPU.ActiveCfg = Release|Any CPU
		{80773532-B2A1-4A54-8947-1BA44F6131FB}.Release|Any CPU.Build.0 = Release|Any CPU
		{D5FC65C9-71AE-4842-8F88-BFC74BA40C99}.Debug|Any CPU.ActiveCfg = Debug|Any CPU
		{D5FC65C9-71AE-4842-8F88-BFC74BA40C99}.Debug|Any CPU.Build.0 = Debug|Any CPU
		{D5FC65C9-71AE-4842-8F88-BFC74BA40C99}.Release|Any CPU.ActiveCfg = Release|Any CPU
		{D5FC65C9-71AE-4842-8F88-BFC74BA40C99}.Release|Any CPU.Build.0 = Release|Any CPU
		{7E0CA637-C065-4C10-8582-8D138E625B74}.Debug|Any CPU.ActiveCfg = Debug|Any CPU
		{7E0CA637-C065-4C10-8582-8D138E625B74}.Debug|Any CPU.Build.0 = Debug|Any CPU
		{7E0CA637-C065-4C10-8582-8D138E625B74}.Release|Any CPU.ActiveCfg = Release|Any CPU
		{7E0CA637-C065-4C10-8582-8D138E625B74}.Release|Any CPU.Build.0 = Release|Any CPU
		{C3B8595D-6CA9-42A1-B515-743A701FEBA0}.Debug|Any CPU.ActiveCfg = Debug|Any CPU
		{C3B8595D-6CA9-42A1-B515-743A701FEBA0}.Debug|Any CPU.Build.0 = Debug|Any CPU
		{C3B8595D-6CA9-42A1-B515-743A701FEBA0}.Release|Any CPU.ActiveCfg = Release|Any CPU
		{C3B8595D-6CA9-42A1-B515-743A701FEBA0}.Release|Any CPU.Build.0 = Release|Any CPU
		{0321F054-AE90-4F65-82AA-91FA0ECF4CE9}.Debug|Any CPU.ActiveCfg = Debug|Any CPU
		{0321F054-AE90-4F65-82AA-91FA0ECF4CE9}.Debug|Any CPU.Build.0 = Debug|Any CPU
		{0321F054-AE90-4F65-82AA-91FA0ECF4CE9}.Release|Any CPU.ActiveCfg = Release|Any CPU
		{0321F054-AE90-4F65-82AA-91FA0ECF4CE9}.Release|Any CPU.Build.0 = Release|Any CPU
		{830E00FB-4B44-4D72-BD16-89EAE9DFBC88}.Debug|Any CPU.ActiveCfg = Debug|Any CPU
		{830E00FB-4B44-4D72-BD16-89EAE9DFBC88}.Debug|Any CPU.Build.0 = Debug|Any CPU
		{830E00FB-4B44-4D72-BD16-89EAE9DFBC88}.Release|Any CPU.ActiveCfg = Release|Any CPU
		{830E00FB-4B44-4D72-BD16-89EAE9DFBC88}.Release|Any CPU.Build.0 = Release|Any CPU
		{F1FD3ECE-5341-450B-9EF0-A5067C387B0D}.Debug|Any CPU.ActiveCfg = Debug|Any CPU
		{F1FD3ECE-5341-450B-9EF0-A5067C387B0D}.Debug|Any CPU.Build.0 = Debug|Any CPU
		{F1FD3ECE-5341-450B-9EF0-A5067C387B0D}.Release|Any CPU.ActiveCfg = Release|Any CPU
		{F1FD3ECE-5341-450B-9EF0-A5067C387B0D}.Release|Any CPU.Build.0 = Release|Any CPU
	EndGlobalSection
	GlobalSection(SolutionProperties) = preSolution
		HideSolutionNode = FALSE
	EndGlobalSection
	GlobalSection(NestedProjects) = preSolution
		{80773532-B2A1-4A54-8947-1BA44F6131FB} = {D212FCF5-0168-42AE-AA78-2CA01AB591CE}
		{ECDF9B33-264F-4C50-9700-9D826E48EA22} = {D212FCF5-0168-42AE-AA78-2CA01AB591CE}
		{D5FC65C9-71AE-4842-8F88-BFC74BA40C99} = {ECDF9B33-264F-4C50-9700-9D826E48EA22}
		{7E0CA637-C065-4C10-8582-8D138E625B74} = {D212FCF5-0168-42AE-AA78-2CA01AB591CE}
		{C3B8595D-6CA9-42A1-B515-743A701FEBA0} = {D212FCF5-0168-42AE-AA78-2CA01AB591CE}
		{0321F054-AE90-4F65-82AA-91FA0ECF4CE9} = {ECDF9B33-264F-4C50-9700-9D826E48EA22}
		{830E00FB-4B44-4D72-BD16-89EAE9DFBC88} = {D212FCF5-0168-42AE-AA78-2CA01AB591CE}
		{6FF309D7-88B6-4342-A36F-7026048AC458} = {D212FCF5-0168-42AE-AA78-2CA01AB591CE}
		{F1FD3ECE-5341-450B-9EF0-A5067C387B0D} = {6FF309D7-88B6-4342-A36F-7026048AC458}
	EndGlobalSection
	GlobalSection(ExtensibilityGlobals) = postSolution
		SolutionGuid = {4F04E371-C858-41CF-9D6B-E410C9041C9E}
	EndGlobalSection
EndGlobal
